# This file is generated by running "yarn install" inside your project.
# Manual changes might be lost - proceed with caution!

__metadata:
  version: 8
  cacheKey: 10c0

"@drizzle-team/brocli@npm:^0.10.2":
  version: 0.10.2
  resolution: "@drizzle-team/brocli@npm:0.10.2"
  checksum: 10c0/3d8b99d680f0b14fea32b45c59b938b6665e0840cc67f04801b1aa3c6747da3c7d01c00e321645034fa100abdba7e0c20ce07cf46fc2ca769ee4cafd97562484
  languageName: node
  linkType: hard

"@elysiajs/cors@npm:^1.4.0":
  version: 1.4.0
  resolution: "@elysiajs/cors@npm:1.4.0"
  peerDependencies:
    elysia: ">= 1.4.0"
  checksum: 10c0/e32cce8020dae21866d4166300eb35d24c504d58d22213d87be1a634d961f69071e10c3632e5f9227d5947223acc2c366973868c2955ea99ff77e8928d569b6c
  languageName: node
  linkType: hard

"@elysiajs/swagger@npm:^1.3.1":
  version: 1.3.1
  resolution: "@elysiajs/swagger@npm:1.3.1"
  dependencies:
    "@scalar/themes": "npm:^0.9.52"
    "@scalar/types": "npm:^0.0.12"
    openapi-types: "npm:^12.1.3"
    pathe: "npm:^1.1.2"
  peerDependencies:
    elysia: ">= 1.3.0"
  checksum: 10c0/526d957941f1a2f589cfa798a9c7bbac87d0d7a7953f2d82b6f54f03ada75acf40a65b47f829faf4928a885d60d294f53f3e81c9bcf835708d741ba512ddbb50
  languageName: node
  linkType: hard

"@esbuild-kit/core-utils@npm:^3.3.2":
  version: 3.3.2
  resolution: "@esbuild-kit/core-utils@npm:3.3.2"
  dependencies:
    esbuild: "npm:~0.18.20"
    source-map-support: "npm:^0.5.21"
  checksum: 10c0/d856f5bd720814593f911d781ed7558a3f8ec1a39802f3831d0eea0d1306e0e2dc11b7b2443af621c413ec6557f1f3034a9a4f1472a4cb40e52cd6e3b356aa05
  languageName: node
  linkType: hard

"@esbuild-kit/esm-loader@npm:^2.5.5":
  version: 2.6.5
  resolution: "@esbuild-kit/esm-loader@npm:2.6.5"
  dependencies:
    "@esbuild-kit/core-utils": "npm:^3.3.2"
    get-tsconfig: "npm:^4.7.0"
  checksum: 10c0/6894b29176eda62bdce0d458d57f32daed5cb8fcff14cb3ddfbc995cfe3e2fa8599f3b0b1af66db446903b30167f57069f27e9cf79a69cf9b41f557115811cde
  languageName: node
  linkType: hard

"@esbuild/aix-ppc64@npm:0.25.10":
  version: 0.25.10
  resolution: "@esbuild/aix-ppc64@npm:0.25.10"
  conditions: os=aix & cpu=ppc64
  languageName: node
  linkType: hard

"@esbuild/android-arm64@npm:0.18.20":
  version: 0.18.20
  resolution: "@esbuild/android-arm64@npm:0.18.20"
  conditions: os=android & cpu=arm64
  languageName: node
  linkType: hard

"@esbuild/android-arm64@npm:0.25.10":
  version: 0.25.10
  resolution: "@esbuild/android-arm64@npm:0.25.10"
  conditions: os=android & cpu=arm64
  languageName: node
  linkType: hard

"@esbuild/android-arm@npm:0.18.20":
  version: 0.18.20
  resolution: "@esbuild/android-arm@npm:0.18.20"
  conditions: os=android & cpu=arm
  languageName: node
  linkType: hard

"@esbuild/android-arm@npm:0.25.10":
  version: 0.25.10
  resolution: "@esbuild/android-arm@npm:0.25.10"
  conditions: os=android & cpu=arm
  languageName: node
  linkType: hard

"@esbuild/android-x64@npm:0.18.20":
  version: 0.18.20
  resolution: "@esbuild/android-x64@npm:0.18.20"
  conditions: os=android & cpu=x64
  languageName: node
  linkType: hard

"@esbuild/android-x64@npm:0.25.10":
  version: 0.25.10
  resolution: "@esbuild/android-x64@npm:0.25.10"
  conditions: os=android & cpu=x64
  languageName: node
  linkType: hard

"@esbuild/darwin-arm64@npm:0.18.20":
  version: 0.18.20
  resolution: "@esbuild/darwin-arm64@npm:0.18.20"
  conditions: os=darwin & cpu=arm64
  languageName: node
  linkType: hard

"@esbuild/darwin-arm64@npm:0.25.10":
  version: 0.25.10
  resolution: "@esbuild/darwin-arm64@npm:0.25.10"
  conditions: os=darwin & cpu=arm64
  languageName: node
  linkType: hard

"@esbuild/darwin-x64@npm:0.18.20":
  version: 0.18.20
  resolution: "@esbuild/darwin-x64@npm:0.18.20"
  conditions: os=darwin & cpu=x64
  languageName: node
  linkType: hard

"@esbuild/darwin-x64@npm:0.25.10":
  version: 0.25.10
  resolution: "@esbuild/darwin-x64@npm:0.25.10"
  conditions: os=darwin & cpu=x64
  languageName: node
  linkType: hard

"@esbuild/freebsd-arm64@npm:0.18.20":
  version: 0.18.20
  resolution: "@esbuild/freebsd-arm64@npm:0.18.20"
  conditions: os=freebsd & cpu=arm64
  languageName: node
  linkType: hard

"@esbuild/freebsd-arm64@npm:0.25.10":
  version: 0.25.10
  resolution: "@esbuild/freebsd-arm64@npm:0.25.10"
  conditions: os=freebsd & cpu=arm64
  languageName: node
  linkType: hard

"@esbuild/freebsd-x64@npm:0.18.20":
  version: 0.18.20
  resolution: "@esbuild/freebsd-x64@npm:0.18.20"
  conditions: os=freebsd & cpu=x64
  languageName: node
  linkType: hard

"@esbuild/freebsd-x64@npm:0.25.10":
  version: 0.25.10
  resolution: "@esbuild/freebsd-x64@npm:0.25.10"
  conditions: os=freebsd & cpu=x64
  languageName: node
  linkType: hard

"@esbuild/linux-arm64@npm:0.18.20":
  version: 0.18.20
  resolution: "@esbuild/linux-arm64@npm:0.18.20"
  conditions: os=linux & cpu=arm64
  languageName: node
  linkType: hard

"@esbuild/linux-arm64@npm:0.25.10":
  version: 0.25.10
  resolution: "@esbuild/linux-arm64@npm:0.25.10"
  conditions: os=linux & cpu=arm64
  languageName: node
  linkType: hard

"@esbuild/linux-arm@npm:0.18.20":
  version: 0.18.20
  resolution: "@esbuild/linux-arm@npm:0.18.20"
  conditions: os=linux & cpu=arm
  languageName: node
  linkType: hard

"@esbuild/linux-arm@npm:0.25.10":
  version: 0.25.10
  resolution: "@esbuild/linux-arm@npm:0.25.10"
  conditions: os=linux & cpu=arm
  languageName: node
  linkType: hard

"@esbuild/linux-ia32@npm:0.18.20":
  version: 0.18.20
  resolution: "@esbuild/linux-ia32@npm:0.18.20"
  conditions: os=linux & cpu=ia32
  languageName: node
  linkType: hard

"@esbuild/linux-ia32@npm:0.25.10":
  version: 0.25.10
  resolution: "@esbuild/linux-ia32@npm:0.25.10"
  conditions: os=linux & cpu=ia32
  languageName: node
  linkType: hard

"@esbuild/linux-loong64@npm:0.18.20":
  version: 0.18.20
  resolution: "@esbuild/linux-loong64@npm:0.18.20"
  conditions: os=linux & cpu=loong64
  languageName: node
  linkType: hard

"@esbuild/linux-loong64@npm:0.25.10":
  version: 0.25.10
  resolution: "@esbuild/linux-loong64@npm:0.25.10"
  conditions: os=linux & cpu=loong64
  languageName: node
  linkType: hard

"@esbuild/linux-mips64el@npm:0.18.20":
  version: 0.18.20
  resolution: "@esbuild/linux-mips64el@npm:0.18.20"
  conditions: os=linux & cpu=mips64el
  languageName: node
  linkType: hard

"@esbuild/linux-mips64el@npm:0.25.10":
  version: 0.25.10
  resolution: "@esbuild/linux-mips64el@npm:0.25.10"
  conditions: os=linux & cpu=mips64el
  languageName: node
  linkType: hard

"@esbuild/linux-ppc64@npm:0.18.20":
  version: 0.18.20
  resolution: "@esbuild/linux-ppc64@npm:0.18.20"
  conditions: os=linux & cpu=ppc64
  languageName: node
  linkType: hard

"@esbuild/linux-ppc64@npm:0.25.10":
  version: 0.25.10
  resolution: "@esbuild/linux-ppc64@npm:0.25.10"
  conditions: os=linux & cpu=ppc64
  languageName: node
  linkType: hard

"@esbuild/linux-riscv64@npm:0.18.20":
  version: 0.18.20
  resolution: "@esbuild/linux-riscv64@npm:0.18.20"
  conditions: os=linux & cpu=riscv64
  languageName: node
  linkType: hard

"@esbuild/linux-riscv64@npm:0.25.10":
  version: 0.25.10
  resolution: "@esbuild/linux-riscv64@npm:0.25.10"
  conditions: os=linux & cpu=riscv64
  languageName: node
  linkType: hard

"@esbuild/linux-s390x@npm:0.18.20":
  version: 0.18.20
  resolution: "@esbuild/linux-s390x@npm:0.18.20"
  conditions: os=linux & cpu=s390x
  languageName: node
  linkType: hard

"@esbuild/linux-s390x@npm:0.25.10":
  version: 0.25.10
  resolution: "@esbuild/linux-s390x@npm:0.25.10"
  conditions: os=linux & cpu=s390x
  languageName: node
  linkType: hard

"@esbuild/linux-x64@npm:0.18.20":
  version: 0.18.20
  resolution: "@esbuild/linux-x64@npm:0.18.20"
  conditions: os=linux & cpu=x64
  languageName: node
  linkType: hard

"@esbuild/linux-x64@npm:0.25.10":
  version: 0.25.10
  resolution: "@esbuild/linux-x64@npm:0.25.10"
  conditions: os=linux & cpu=x64
  languageName: node
  linkType: hard

"@esbuild/netbsd-arm64@npm:0.25.10":
  version: 0.25.10
  resolution: "@esbuild/netbsd-arm64@npm:0.25.10"
  conditions: os=netbsd & cpu=arm64
  languageName: node
  linkType: hard

"@esbuild/netbsd-x64@npm:0.18.20":
  version: 0.18.20
  resolution: "@esbuild/netbsd-x64@npm:0.18.20"
  conditions: os=netbsd & cpu=x64
  languageName: node
  linkType: hard

"@esbuild/netbsd-x64@npm:0.25.10":
  version: 0.25.10
  resolution: "@esbuild/netbsd-x64@npm:0.25.10"
  conditions: os=netbsd & cpu=x64
  languageName: node
  linkType: hard

"@esbuild/openbsd-arm64@npm:0.25.10":
  version: 0.25.10
  resolution: "@esbuild/openbsd-arm64@npm:0.25.10"
  conditions: os=openbsd & cpu=arm64
  languageName: node
  linkType: hard

"@esbuild/openbsd-x64@npm:0.18.20":
  version: 0.18.20
  resolution: "@esbuild/openbsd-x64@npm:0.18.20"
  conditions: os=openbsd & cpu=x64
  languageName: node
  linkType: hard

"@esbuild/openbsd-x64@npm:0.25.10":
  version: 0.25.10
  resolution: "@esbuild/openbsd-x64@npm:0.25.10"
  conditions: os=openbsd & cpu=x64
  languageName: node
  linkType: hard

"@esbuild/openharmony-arm64@npm:0.25.10":
  version: 0.25.10
  resolution: "@esbuild/openharmony-arm64@npm:0.25.10"
  conditions: os=openharmony & cpu=arm64
  languageName: node
  linkType: hard

"@esbuild/sunos-x64@npm:0.18.20":
  version: 0.18.20
  resolution: "@esbuild/sunos-x64@npm:0.18.20"
  conditions: os=sunos & cpu=x64
  languageName: node
  linkType: hard

"@esbuild/sunos-x64@npm:0.25.10":
  version: 0.25.10
  resolution: "@esbuild/sunos-x64@npm:0.25.10"
  conditions: os=sunos & cpu=x64
  languageName: node
  linkType: hard

"@esbuild/win32-arm64@npm:0.18.20":
  version: 0.18.20
  resolution: "@esbuild/win32-arm64@npm:0.18.20"
  conditions: os=win32 & cpu=arm64
  languageName: node
  linkType: hard

"@esbuild/win32-arm64@npm:0.25.10":
  version: 0.25.10
  resolution: "@esbuild/win32-arm64@npm:0.25.10"
  conditions: os=win32 & cpu=arm64
  languageName: node
  linkType: hard

"@esbuild/win32-ia32@npm:0.18.20":
  version: 0.18.20
  resolution: "@esbuild/win32-ia32@npm:0.18.20"
  conditions: os=win32 & cpu=ia32
  languageName: node
  linkType: hard

"@esbuild/win32-ia32@npm:0.25.10":
  version: 0.25.10
  resolution: "@esbuild/win32-ia32@npm:0.25.10"
  conditions: os=win32 & cpu=ia32
  languageName: node
  linkType: hard

"@esbuild/win32-x64@npm:0.18.20":
  version: 0.18.20
  resolution: "@esbuild/win32-x64@npm:0.18.20"
  conditions: os=win32 & cpu=x64
  languageName: node
  linkType: hard

"@esbuild/win32-x64@npm:0.25.10":
  version: 0.25.10
  resolution: "@esbuild/win32-x64@npm:0.25.10"
  conditions: os=win32 & cpu=x64
  languageName: node
  linkType: hard

"@scalar/openapi-types@npm:0.1.1":
  version: 0.1.1
  resolution: "@scalar/openapi-types@npm:0.1.1"
  checksum: 10c0/ef7108a7621b936694a153875ab85bf720fbf8369d4125778653dfb88a41da3308cdf55167da39052c382035766eae95c89fc2ab50f7346b87309f6fb65bd5bf
  languageName: node
  linkType: hard

"@scalar/openapi-types@npm:0.2.0":
  version: 0.2.0
  resolution: "@scalar/openapi-types@npm:0.2.0"
  dependencies:
    zod: "npm:^3.23.8"
  checksum: 10c0/d96c826c4d595a712fa1e27739e635fe2cfa680183b97aec6e93b0cbdcd1ecf7ebb057506b3769b8e07eb569e1d73e01e66567e12d42cabd900486577355174a
  languageName: node
  linkType: hard

"@scalar/themes@npm:^0.9.52":
  version: 0.9.86
  resolution: "@scalar/themes@npm:0.9.86"
  dependencies:
    "@scalar/types": "npm:0.1.7"
  checksum: 10c0/e9293c72cc3966919152c61d4904844c7428a33d123d06c324e363d22a0b9aaeaacd760c4c0d03f96234bab47f133f2b49ff9951aa102e1587a5160457506d77
  languageName: node
  linkType: hard

"@scalar/types@npm:0.1.7":
  version: 0.1.7
  resolution: "@scalar/types@npm:0.1.7"
  dependencies:
    "@scalar/openapi-types": "npm:0.2.0"
    "@unhead/schema": "npm:^1.11.11"
    nanoid: "npm:^5.1.5"
    type-fest: "npm:^4.20.0"
    zod: "npm:^3.23.8"
  checksum: 10c0/6d3ed7e358f9062901b3789da546a40feb8cecaaed40580e0d9e672ef4909781015eb9b8f3f905faeae0f73836989e23a97a6361010b32f47809574806183b27
  languageName: node
  linkType: hard

"@scalar/types@npm:^0.0.12":
  version: 0.0.12
  resolution: "@scalar/types@npm:0.0.12"
  dependencies:
    "@scalar/openapi-types": "npm:0.1.1"
    "@unhead/schema": "npm:^1.9.5"
  checksum: 10c0/5776818cc732b4784b2406c1e81ce9916de6149c0f3452907372a6fd97fdcc2e7982acf7aee2832e1a7e08c47d3fff3e965009d612194870929747a0c21b4b5c
  languageName: node
  linkType: hard

"@sinclair/typebox@npm:>= 0.34.0 < 1":
  version: 0.34.41
  resolution: "@sinclair/typebox@npm:0.34.41"
  checksum: 10c0/0fb61fc2f90c25e30b19b0096eb8ab3ccef401d3e2acfce42168ff0ee877ba5981c8243fa6b1035ac756cde95316724e978b2837dd642d7e4e095de03a999c90
  languageName: node
  linkType: hard

"@types/bun@npm:latest":
  version: 1.2.22
  resolution: "@types/bun@npm:1.2.22"
  dependencies:
    bun-types: "npm:1.2.22"
  checksum: 10c0/2d9ae0e1abd52ee6472bba7ff92b8c281a5e5a26a6c3506cdbf854461606ace6ca22764783729df6430351cf6d39552e69e78280dc981251b99747eafe64a807
  languageName: node
  linkType: hard

"@types/node@npm:*":
  version: 24.5.2
  resolution: "@types/node@npm:24.5.2"
  dependencies:
    undici-types: "npm:~7.12.0"
  checksum: 10c0/96baaca6564d39c6f7f6eddd73ce41e2a7594ef37225cd52df3be36fad31712af8ae178387a72d0b80f2e2799e7fd30c014bc0ae9eb9f962d9079b691be00c48
  languageName: node
  linkType: hard

"@types/pg@npm:^8.15.5":
  version: 8.15.5
  resolution: "@types/pg@npm:8.15.5"
  dependencies:
    "@types/node": "npm:*"
    pg-protocol: "npm:*"
    pg-types: "npm:^2.2.0"
  checksum: 10c0/19a3cc1811918753f8c827733648c3a85c7b0355bf207c44eb1a3b79b2e6a0d85cb5457ec550d860fc9be7e88c7587a3600958ec8c61fa1ad573061c63af93f0
  languageName: node
  linkType: hard

"@unhead/schema@npm:^1.11.11, @unhead/schema@npm:^1.9.5":
  version: 1.11.20
  resolution: "@unhead/schema@npm:1.11.20"
  dependencies:
    hookable: "npm:^5.5.3"
    zhead: "npm:^2.2.4"
  checksum: 10c0/f2f968639bbd18f90ddfb83b77c9256bc4c0379ab75efa24dc759f3f597aae707d4dde97df690823f8902eab31d73a5faa8bdd8daf18c6ac8e4503a78b42be74
  languageName: node
  linkType: hard

"buffer-from@npm:^1.0.0":
  version: 1.1.2
  resolution: "buffer-from@npm:1.1.2"
  checksum: 10c0/124fff9d66d691a86d3b062eff4663fe437a9d9ee4b47b1b9e97f5a5d14f6d5399345db80f796827be7c95e70a8e765dd404b7c3ff3b3324f98e9b0c8826cc34
  languageName: node
  linkType: hard

"bun-types@npm:1.2.22":
  version: 1.2.22
  resolution: "bun-types@npm:1.2.22"
  dependencies:
    "@types/node": "npm:*"
  peerDependencies:
    "@types/react": ^19
  checksum: 10c0/fe9ecbdd9777b00e791be74cb018793ad6b4bd2ed069fa3f55601249328420d498f98189c448f3d179ed02efd79916693d7327ef4ec913de4f616ce4f000206f
  languageName: node
  linkType: hard

"cookie@npm:^1.0.2":
  version: 1.0.2
  resolution: "cookie@npm:1.0.2"
  checksum: 10c0/fd25fe79e8fbcfcaf6aa61cd081c55d144eeeba755206c058682257cb38c4bd6795c6620de3f064c740695bb65b7949ebb1db7a95e4636efb8357a335ad3f54b
  languageName: node
  linkType: hard

"debug@npm:^4.3.4":
  version: 4.4.3
  resolution: "debug@npm:4.4.3"
  dependencies:
    ms: "npm:^2.1.3"
  peerDependenciesMeta:
    supports-color:
      optional: true
  checksum: 10c0/d79136ec6c83ecbefd0f6a5593da6a9c91ec4d7ddc4b54c883d6e71ec9accb5f67a1a5e96d00a328196b5b5c86d365e98d8a3a70856aaf16b4e7b1985e67f5a6
  languageName: node
  linkType: hard

"drizzle-kit@npm:^0.31.4":
  version: 0.31.4
  resolution: "drizzle-kit@npm:0.31.4"
  dependencies:
    "@drizzle-team/brocli": "npm:^0.10.2"
    "@esbuild-kit/esm-loader": "npm:^2.5.5"
    esbuild: "npm:^0.25.4"
    esbuild-register: "npm:^3.5.0"
  bin:
    drizzle-kit: bin.cjs
  checksum: 10c0/5e345cb28b4b8f329ce5f851e47418ac2ee8189aecec85f566f7a6c309f3392613519a39c559618599bd1e63fb99f114b9d9d82fb9e411f1702425678f34d2c2
  languageName: node
  linkType: hard

"drizzle-orm@npm:^0.44.5":
  version: 0.44.5
  resolution: "drizzle-orm@npm:0.44.5"
  peerDependencies:
    "@aws-sdk/client-rds-data": ">=3"
    "@cloudflare/workers-types": ">=4"
    "@electric-sql/pglite": ">=0.2.0"
    "@libsql/client": ">=0.10.0"
    "@libsql/client-wasm": ">=0.10.0"
    "@neondatabase/serverless": ">=0.10.0"
    "@op-engineering/op-sqlite": ">=2"
    "@opentelemetry/api": ^1.4.1
    "@planetscale/database": ">=1.13"
    "@prisma/client": "*"
    "@tidbcloud/serverless": "*"
    "@types/better-sqlite3": "*"
    "@types/pg": "*"
    "@types/sql.js": "*"
    "@upstash/redis": ">=1.34.7"
    "@vercel/postgres": ">=0.8.0"
    "@xata.io/client": "*"
    better-sqlite3: ">=7"
    bun-types: "*"
    expo-sqlite: ">=14.0.0"
    gel: ">=2"
    knex: "*"
    kysely: "*"
    mysql2: ">=2"
    pg: ">=8"
    postgres: ">=3"
    sql.js: ">=1"
    sqlite3: ">=5"
  peerDependenciesMeta:
    "@aws-sdk/client-rds-data":
      optional: true
    "@cloudflare/workers-types":
      optional: true
    "@electric-sql/pglite":
      optional: true
    "@libsql/client":
      optional: true
    "@libsql/client-wasm":
      optional: true
    "@neondatabase/serverless":
      optional: true
    "@op-engineering/op-sqlite":
      optional: true
    "@opentelemetry/api":
      optional: true
    "@planetscale/database":
      optional: true
    "@prisma/client":
      optional: true
    "@tidbcloud/serverless":
      optional: true
    "@types/better-sqlite3":
      optional: true
    "@types/pg":
      optional: true
    "@types/sql.js":
      optional: true
    "@upstash/redis":
      optional: true
    "@vercel/postgres":
      optional: true
    "@xata.io/client":
      optional: true
    better-sqlite3:
      optional: true
    bun-types:
      optional: true
    expo-sqlite:
      optional: true
    gel:
      optional: true
    knex:
      optional: true
    kysely:
      optional: true
    mysql2:
      optional: true
    pg:
      optional: true
    postgres:
      optional: true
    prisma:
      optional: true
    sql.js:
      optional: true
    sqlite3:
      optional: true
  checksum: 10c0/2f9bd8cc7395b3254574eb9e9c344b7cebd507ac61f1ee8783648ad3bb8a7983875f44c0eabedfd871496d7eae646dbc75111fa21de2c64d0c899fcea091e303
  languageName: node
  linkType: hard

"elysia-server@workspace:.":
  version: 0.0.0-use.local
  resolution: "elysia-server@workspace:."
  dependencies:
    "@elysiajs/cors": "npm:^1.4.0"
    "@elysiajs/swagger": "npm:^1.3.1"
    "@types/bun": "npm:latest"
    "@types/pg": "npm:^8.15.5"
    drizzle-kit: "npm:^0.31.4"
    drizzle-orm: "npm:^0.44.5"
    elysia: "npm:^1.4.7"
    pg: "npm:^8.16.3"
    postgres: "npm:^3.4.7"
  peerDependencies:
    typescript: ^5
  languageName: unknown
  linkType: soft

"elysia@npm:^1.4.7":
  version: 1.4.7
  resolution: "elysia@npm:1.4.7"
  dependencies:
    "@sinclair/typebox": "npm:>= 0.34.0 < 1"
    cookie: "npm:^1.0.2"
    exact-mirror: "npm:0.2.2"
    fast-decode-uri-component: "npm:^1.0.1"
    openapi-types: "npm:>= 12.0.0"
  peerDependencies:
    "@sinclair/typebox": ">= 0.34.0 < 1"
    exact-mirror: ">= 0.0.9"
    file-type: ">= 20.0.0"
    openapi-types: ">= 12.0.0"
    typescript: ">= 5.0.0"
  dependenciesMeta:
    "@sinclair/typebox":
      optional: true
    openapi-types:
      optional: true
  checksum: 10c0/f3fb90c15549004efb960ae57f171e34c1134c920aa1cfa52fda7f9505a60621498c093d8c644db969e74461d5e8a3d3c9e52898b1adfa88b5f4e3e489727e82
  languageName: node
  linkType: hard

"esbuild-register@npm:^3.5.0":
  version: 3.6.0
  resolution: "esbuild-register@npm:3.6.0"
  dependencies:
    debug: "npm:^4.3.4"
  peerDependencies:
    esbuild: ">=0.12 <1"
  checksum: 10c0/77193b7ca32ba9f81b35ddf3d3d0138efb0b1429d71b39480cfee932e1189dd2e492bd32bf04a4d0bc3adfbc7ec7381ceb5ffd06efe35f3e70904f1f686566d5
  languageName: node
  linkType: hard

"esbuild@npm:^0.25.4":
  version: 0.25.10
  resolution: "esbuild@npm:0.25.10"
  dependencies:
    "@esbuild/aix-ppc64": "npm:0.25.10"
    "@esbuild/android-arm": "npm:0.25.10"
    "@esbuild/android-arm64": "npm:0.25.10"
    "@esbuild/android-x64": "npm:0.25.10"
    "@esbuild/darwin-arm64": "npm:0.25.10"
    "@esbuild/darwin-x64": "npm:0.25.10"
    "@esbuild/freebsd-arm64": "npm:0.25.10"
    "@esbuild/freebsd-x64": "npm:0.25.10"
    "@esbuild/linux-arm": "npm:0.25.10"
    "@esbuild/linux-arm64": "npm:0.25.10"
    "@esbuild/linux-ia32": "npm:0.25.10"
    "@esbuild/linux-loong64": "npm:0.25.10"
    "@esbuild/linux-mips64el": "npm:0.25.10"
    "@esbuild/linux-ppc64": "npm:0.25.10"
    "@esbuild/linux-riscv64": "npm:0.25.10"
    "@esbuild/linux-s390x": "npm:0.25.10"
    "@esbuild/linux-x64": "npm:0.25.10"
    "@esbuild/netbsd-arm64": "npm:0.25.10"
    "@esbuild/netbsd-x64": "npm:0.25.10"
    "@esbuild/openbsd-arm64": "npm:0.25.10"
    "@esbuild/openbsd-x64": "npm:0.25.10"
    "@esbuild/openharmony-arm64": "npm:0.25.10"
    "@esbuild/sunos-x64": "npm:0.25.10"
    "@esbuild/win32-arm64": "npm:0.25.10"
    "@esbuild/win32-ia32": "npm:0.25.10"
    "@esbuild/win32-x64": "npm:0.25.10"
  dependenciesMeta:
    "@esbuild/aix-ppc64":
      optional: true
    "@esbuild/android-arm":
      optional: true
    "@esbuild/android-arm64":
      optional: true
    "@esbuild/android-x64":
      optional: true
    "@esbuild/darwin-arm64":
      optional: true
    "@esbuild/darwin-x64":
      optional: true
    "@esbuild/freebsd-arm64":
      optional: true
    "@esbuild/freebsd-x64":
      optional: true
    "@esbuild/linux-arm":
      optional: true
    "@esbuild/linux-arm64":
      optional: true
    "@esbuild/linux-ia32":
      optional: true
    "@esbuild/linux-loong64":
      optional: true
    "@esbuild/linux-mips64el":
      optional: true
    "@esbuild/linux-ppc64":
      optional: true
    "@esbuild/linux-riscv64":
      optional: true
    "@esbuild/linux-s390x":
      optional: true
    "@esbuild/linux-x64":
      optional: true
    "@esbuild/netbsd-arm64":
      optional: true
    "@esbuild/netbsd-x64":
      optional: true
    "@esbuild/openbsd-arm64":
      optional: true
    "@esbuild/openbsd-x64":
      optional: true
    "@esbuild/openharmony-arm64":
      optional: true
    "@esbuild/sunos-x64":
      optional: true
    "@esbuild/win32-arm64":
      optional: true
    "@esbuild/win32-ia32":
      optional: true
    "@esbuild/win32-x64":
      optional: true
  bin:
    esbuild: bin/esbuild
  checksum: 10c0/8ee5fdd43ed0d4092ce7f41577c63147f54049d5617763f0549c638bbe939e8adaa8f1a2728adb63417eb11df51956b7b0d8eb88ee08c27ad1d42960256158fa
  languageName: node
  linkType: hard

"esbuild@npm:~0.18.20":
  version: 0.18.20
  resolution: "esbuild@npm:0.18.20"
  dependencies:
    "@esbuild/android-arm": "npm:0.18.20"
    "@esbuild/android-arm64": "npm:0.18.20"
    "@esbuild/android-x64": "npm:0.18.20"
    "@esbuild/darwin-arm64": "npm:0.18.20"
    "@esbuild/darwin-x64": "npm:0.18.20"
    "@esbuild/freebsd-arm64": "npm:0.18.20"
    "@esbuild/freebsd-x64": "npm:0.18.20"
    "@esbuild/linux-arm": "npm:0.18.20"
    "@esbuild/linux-arm64": "npm:0.18.20"
    "@esbuild/linux-ia32": "npm:0.18.20"
    "@esbuild/linux-loong64": "npm:0.18.20"
    "@esbuild/linux-mips64el": "npm:0.18.20"
    "@esbuild/linux-ppc64": "npm:0.18.20"
    "@esbuild/linux-riscv64": "npm:0.18.20"
    "@esbuild/linux-s390x": "npm:0.18.20"
    "@esbuild/linux-x64": "npm:0.18.20"
    "@esbuild/netbsd-x64": "npm:0.18.20"
    "@esbuild/openbsd-x64": "npm:0.18.20"
    "@esbuild/sunos-x64": "npm:0.18.20"
    "@esbuild/win32-arm64": "npm:0.18.20"
    "@esbuild/win32-ia32": "npm:0.18.20"
    "@esbuild/win32-x64": "npm:0.18.20"
  dependenciesMeta:
    "@esbuild/android-arm":
      optional: true
    "@esbuild/android-arm64":
      optional: true
    "@esbuild/android-x64":
      optional: true
    "@esbuild/darwin-arm64":
      optional: true
    "@esbuild/darwin-x64":
      optional: true
    "@esbuild/freebsd-arm64":
      optional: true
    "@esbuild/freebsd-x64":
      optional: true
    "@esbuild/linux-arm":
      optional: true
    "@esbuild/linux-arm64":
      optional: true
    "@esbuild/linux-ia32":
      optional: true
    "@esbuild/linux-loong64":
      optional: true
    "@esbuild/linux-mips64el":
      optional: true
    "@esbuild/linux-ppc64":
      optional: true
    "@esbuild/linux-riscv64":
      optional: true
    "@esbuild/linux-s390x":
      optional: true
    "@esbuild/linux-x64":
      optional: true
    "@esbuild/netbsd-x64":
      optional: true
    "@esbuild/openbsd-x64":
      optional: true
    "@esbuild/sunos-x64":
      optional: true
    "@esbuild/win32-arm64":
      optional: true
    "@esbuild/win32-ia32":
      optional: true
    "@esbuild/win32-x64":
      optional: true
  bin:
    esbuild: bin/esbuild
  checksum: 10c0/473b1d92842f50a303cf948a11ebd5f69581cd254d599dd9d62f9989858e0533f64e83b723b5e1398a5b488c0f5fd088795b4235f65ecaf4f007d4b79f04bc88
  languageName: node
  linkType: hard

"exact-mirror@npm:0.2.2":
  version: 0.2.2
  resolution: "exact-mirror@npm:0.2.2"
  peerDependencies:
    "@sinclair/typebox": ^0.34.15
  peerDependenciesMeta:
    "@sinclair/typebox":
      optional: true
  checksum: 10c0/0de1591b4f10eeeb01e7a01a0e9ff871c02af2b2db3b7be262f491893f7395bbc54b357feb65539143c7b9e7c2b1101fddd29691f4a452bca917a7b34278a461
  languageName: node
  linkType: hard

"fast-decode-uri-component@npm:^1.0.1":
  version: 1.0.1
  resolution: "fast-decode-uri-component@npm:1.0.1"
  checksum: 10c0/039d50c2e99d64f999c3f2126c23fbf75a04a4117e218a149ca0b1d2aeb8c834b7b19d643b9d35d4eabce357189a6a94085f78cf48869e6e26cc59b036284bc3
  languageName: node
  linkType: hard

"get-tsconfig@npm:^4.7.0":
  version: 4.10.1
  resolution: "get-tsconfig@npm:4.10.1"
  dependencies:
    resolve-pkg-maps: "npm:^1.0.0"
  checksum: 10c0/7f8e3dabc6a49b747920a800fb88e1952fef871cdf51b79e98db48275a5de6cdaf499c55ee67df5fa6fe7ce65f0063e26de0f2e53049b408c585aa74d39ffa21
  languageName: node
  linkType: hard

"hookable@npm:^5.5.3":
  version: 5.5.3
  resolution: "hookable@npm:5.5.3"
  checksum: 10c0/275f4cc84d27f8d48c5a5cd5685b6c0fea9291be9deea5bff0cfa72856ed566abde1dcd8cb1da0f9a70b4da3d7ec0d60dc3554c4edbba647058cc38816eced3d
  languageName: node
  linkType: hard

"ms@npm:^2.1.3":
  version: 2.1.3
  resolution: "ms@npm:2.1.3"
  checksum: 10c0/d924b57e7312b3b63ad21fc5b3dc0af5e78d61a1fc7cfb5457edaf26326bf62be5307cc87ffb6862ef1c2b33b0233cdb5d4f01c4c958cc0d660948b65a287a48
  languageName: node
  linkType: hard

"nanoid@npm:^5.1.5":
  version: 5.1.6
  resolution: "nanoid@npm:5.1.6"
  bin:
    nanoid: bin/nanoid.js
  checksum: 10c0/27b5b055ad8332cf4f0f9f6e2a494aa7e5ded89df4cab8c8490d4eabefe72c4423971d2745d22002868b1d50576a5e42b7b05214733b19f576382323282dd26e
  languageName: node
  linkType: hard

"openapi-types@npm:>= 12.0.0, openapi-types@npm:^12.1.3":
  version: 12.1.3
  resolution: "openapi-types@npm:12.1.3"
  checksum: 10c0/4ad4eb91ea834c237edfa6ab31394e87e00c888fc2918009763389c00d02342345195d6f302d61c3fd807f17723cd48df29b47b538b68375b3827b3758cd520f
  languageName: node
  linkType: hard

"pathe@npm:^1.1.2":
  version: 1.1.2
  resolution: "pathe@npm:1.1.2"
  checksum: 10c0/64ee0a4e587fb0f208d9777a6c56e4f9050039268faaaaecd50e959ef01bf847b7872785c36483fa5cdcdbdfdb31fef2ff222684d4fc21c330ab60395c681897
  languageName: node
  linkType: hard

"pg-cloudflare@npm:^1.2.7":
  version: 1.2.7
  resolution: "pg-cloudflare@npm:1.2.7"
  checksum: 10c0/8a52713dbdecc9d389dc4e65e3b7ede2e199ec3715f7491ee80a15db171f2d75677a102e9c2cef0cb91a2f310e91f976eaec0dd6ef5d8bf357de0b948f9d9431
  languageName: node
  linkType: hard

"pg-connection-string@npm:^2.9.1":
  version: 2.9.1
  resolution: "pg-connection-string@npm:2.9.1"
  checksum: 10c0/9a646529bbc0843806fc5de98ce93735a4612b571f11867178a85665d11989a827e6fd157388ca0e34ec948098564fce836c178cfd499b9f0e8cd9972b8e2e5c
  languageName: node
  linkType: hard

"pg-int8@npm:1.0.1":
  version: 1.0.1
  resolution: "pg-int8@npm:1.0.1"
  checksum: 10c0/be6a02d851fc2a4ae3e9de81710d861de3ba35ac927268973eb3cb618873a05b9424656df464dd43bd7dc3fc5295c3f5b3c8349494f87c7af50ec59ef14e0b98
  languageName: node
  linkType: hard

"pg-pool@npm:^3.10.1":
  version: 3.10.1
  resolution: "pg-pool@npm:3.10.1"
  peerDependencies:
    pg: ">=8.0"
  checksum: 10c0/a00916b7df64226cc597fe769e3a757ff9b11562dc87ce5b0a54101a18c1fe282daaa2accaf27221e81e1e4cdf4da6a33dab09614734d32904d6c4e11c44a079
  languageName: node
  linkType: hard

"pg-protocol@npm:*, pg-protocol@npm:^1.10.3":
  version: 1.10.3
  resolution: "pg-protocol@npm:1.10.3"
  checksum: 10c0/f7ef54708c93ee6d271e37678296fc5097e4337fca91a88a3d99359b78633dbdbf6e983f0adb34b7cdd261b7ec7266deb20c3233bf3dfdb498b3e1098e8750b9
  languageName: node
  linkType: hard

"pg-types@npm:2.2.0, pg-types@npm:^2.2.0":
  version: 2.2.0
  resolution: "pg-types@npm:2.2.0"
  dependencies:
    pg-int8: "npm:1.0.1"
    postgres-array: "npm:~2.0.0"
    postgres-bytea: "npm:~1.0.0"
    postgres-date: "npm:~1.0.4"
    postgres-interval: "npm:^1.1.0"
  checksum: 10c0/ab3f8069a323f601cd2d2279ca8c425447dab3f9b61d933b0601d7ffc00d6200df25e26a4290b2b0783b59278198f7dd2ed03e94c4875797919605116a577c65
  languageName: node
  linkType: hard

"pg@npm:^8.16.3":
  version: 8.16.3
  resolution: "pg@npm:8.16.3"
  dependencies:
    pg-cloudflare: "npm:^1.2.7"
    pg-connection-string: "npm:^2.9.1"
    pg-pool: "npm:^3.10.1"
    pg-protocol: "npm:^1.10.3"
    pg-types: "npm:2.2.0"
    pgpass: "npm:1.0.5"
  peerDependencies:
    pg-native: ">=3.0.1"
  dependenciesMeta:
    pg-cloudflare:
      optional: true
  peerDependenciesMeta:
    pg-native:
      optional: true
  checksum: 10c0/a6a407ff0efb7599760d72ffdcda47a74c34c0fd71d896623caac45cf2cfb0f49a10973cce23110f182b9810639a1e9f6904454d7358c7001574ee0ffdcbce2a
  languageName: node
  linkType: hard

"pgpass@npm:1.0.5":
  version: 1.0.5
  resolution: "pgpass@npm:1.0.5"
  dependencies:
    split2: "npm:^4.1.0"
  checksum: 10c0/5ea6c9b2de04c33abb08d33a2dded303c4a3c7162a9264519cbe85c0a9857d712463140ba42fad0c7cd4b21f644dd870b45bb2e02fcbe505b4de0744fd802c1d
  languageName: node
  linkType: hard

"postgres-array@npm:~2.0.0":
  version: 2.0.0
  resolution: "postgres-array@npm:2.0.0"
  checksum: 10c0/cbd56207e4141d7fbf08c86f2aebf21fa7064943d3f808ec85f442ff94b48d891e7a144cc02665fb2de5dbcb9b8e3183a2ac749959e794b4a4cfd379d7a21d08
  languageName: node
  linkType: hard

"postgres-bytea@npm:~1.0.0":
  version: 1.0.0
  resolution: "postgres-bytea@npm:1.0.0"
  checksum: 10c0/febf2364b8a8953695cac159eeb94542ead5886792a9627b97e33f6b5bb6e263bc0706ab47ec221516e79fbd6b2452d668841830fb3b49ec6c0fc29be61892ce
  languageName: node
  linkType: hard

"postgres-date@npm:~1.0.4":
  version: 1.0.7
  resolution: "postgres-date@npm:1.0.7"
  checksum: 10c0/0ff91fccc64003e10b767fcfeefb5eaffbc522c93aa65d5051c49b3c4ce6cb93ab091a7d22877a90ad60b8874202c6f1d0f935f38a7235ed3b258efd54b97ca9
  languageName: node
  linkType: hard

"postgres-interval@npm:^1.1.0":
  version: 1.2.0
  resolution: "postgres-interval@npm:1.2.0"
  dependencies:
    xtend: "npm:^4.0.0"
  checksum: 10c0/c1734c3cb79e7f22579af0b268a463b1fa1d084e742a02a7a290c4f041e349456f3bee3b4ee0bb3f226828597f7b76deb615c1b857db9a742c45520100456272
  languageName: node
  linkType: hard

"postgres@npm:^3.4.7":
  version: 3.4.7
  resolution: "postgres@npm:3.4.7"
  checksum: 10c0/b2e61b1064d38e7e1df8291f6d5a7e11f892a3240e00cf2b5e5542bf9abbfe97f3963164aeb56b42c1ab6b8aae3454c57f5bbc1791df0769375542740a7cde72
  languageName: node
  linkType: hard

"resolve-pkg-maps@npm:^1.0.0":
  version: 1.0.0
  resolution: "resolve-pkg-maps@npm:1.0.0"
  checksum: 10c0/fb8f7bbe2ca281a73b7ef423a1cbc786fb244bd7a95cbe5c3fba25b27d327150beca8ba02f622baea65919a57e061eb5005204daa5f93ed590d9b77463a567ab
  languageName: node
  linkType: hard

"source-map-support@npm:^0.5.21":
  version: 0.5.21
  resolution: "source-map-support@npm:0.5.21"
  dependencies:
    buffer-from: "npm:^1.0.0"
    source-map: "npm:^0.6.0"
  checksum: 10c0/9ee09942f415e0f721d6daad3917ec1516af746a8120bba7bb56278707a37f1eb8642bde456e98454b8a885023af81a16e646869975f06afc1a711fb90484e7d
  languageName: node
  linkType: hard

"source-map@npm:^0.6.0":
  version: 0.6.1
  resolution: "source-map@npm:0.6.1"
  checksum: 10c0/ab55398007c5e5532957cb0beee2368529618ac0ab372d789806f5718123cc4367d57de3904b4e6a4170eb5a0b0f41373066d02ca0735a0c4d75c7d328d3e011
  languageName: node
  linkType: hard

"split2@npm:^4.1.0":
  version: 4.2.0
  resolution: "split2@npm:4.2.0"
  checksum: 10c0/b292beb8ce9215f8c642bb68be6249c5a4c7f332fc8ecadae7be5cbdf1ea95addc95f0459ef2e7ad9d45fd1064698a097e4eb211c83e772b49bc0ee423e91534
  languageName: node
  linkType: hard

"type-fest@npm:^4.20.0":
  version: 4.41.0
  resolution: "type-fest@npm:4.41.0"
  checksum: 10c0/f5ca697797ed5e88d33ac8f1fec21921839871f808dc59345c9cf67345bfb958ce41bd821165dbf3ae591cedec2bf6fe8882098dfdd8dc54320b859711a2c1e4
  languageName: node
  linkType: hard

"undici-types@npm:~7.12.0":
  version: 7.12.0
  resolution: "undici-types@npm:7.12.0"
  checksum: 10c0/326e455bbc0026db1d6b81c76a1cf10c63f7e2f9821db2e24fdc258f482814e5bfa8481f8910d07c68e305937c5c049610fdc441c5e8b7bb0daca7154fb8a306
  languageName: node
  linkType: hard

"xtend@npm:^4.0.0":
  version: 4.0.2
  resolution: "xtend@npm:4.0.2"
  checksum: 10c0/366ae4783eec6100f8a02dff02ac907bf29f9a00b82ac0264b4d8b832ead18306797e283cf19de776538babfdcb2101375ec5646b59f08c52128ac4ab812ed0e
  languageName: node
  linkType: hard

"zhead@npm:^2.2.4":
  version: 2.2.4
  resolution: "zhead@npm:2.2.4"
  checksum: 10c0/3d166fb661f1b7fdf8a0ef2222d9e574ab241e72141f2f1fda62a9250ca73aabf2eaf0d66046a3984cd24d1dd9bac231338c6271684d6b8caa6b66af7c45f275
  languageName: node
  linkType: hard

"zod@npm:^3.23.8":
  version: 3.25.76
  resolution: "zod@npm:3.25.76"
  checksum: 10c0/5718ec35e3c40b600316c5b4c5e4976f7fee68151bc8f8d90ec18a469be9571f072e1bbaace10f1e85cf8892ea12d90821b200e980ab46916a6166a4260a983c
  languageName: node
  linkType: hard
